// !$*UTF8*$!
{
	archiveVersion = 1;
	classes = {
	};
	objectVersion = 46;
	objects = {

/* Begin PBXBuildFile section */
		AEC3C55602D9457E993628CB /* Pods.framework in Frameworks */ = {isa = PBXBuildFile; fileRef = DE04A2D7F9F5C2B46EAE45F5 /* Pods.framework */; };
		F9D86AFA1CB8971E00FBC9BF /* AppDelegate.swift in Sources */ = {isa = PBXBuildFile; fileRef = F9D86AF91CB8971E00FBC9BF /* AppDelegate.swift */; };
		F9D86AFF1CB8971E00FBC9BF /* Main.storyboard in Resources */ = {isa = PBXBuildFile; fileRef = F9D86AFD1CB8971E00FBC9BF /* Main.storyboard */; };
		F9D86B011CB8971E00FBC9BF /* Assets.xcassets in Resources */ = {isa = PBXBuildFile; fileRef = F9D86B001CB8971E00FBC9BF /* Assets.xcassets */; };
		F9D86B041CB8971E00FBC9BF /* LaunchScreen.storyboard in Resources */ = {isa = PBXBuildFile; fileRef = F9D86B021CB8971E00FBC9BF /* LaunchScreen.storyboard */; };
		F9D86B0F1CB8971E00FBC9BF /* Mini_MomentTests.swift in Sources */ = {isa = PBXBuildFile; fileRef = F9D86B0E1CB8971E00FBC9BF /* Mini_MomentTests.swift */; };
		F9D86B1A1CB8971E00FBC9BF /* Mini_MomentUITests.swift in Sources */ = {isa = PBXBuildFile; fileRef = F9D86B191CB8971E00FBC9BF /* Mini_MomentUITests.swift */; };
		F9D86B291CB8A28100FBC9BF /* Post.swift in Sources */ = {isa = PBXBuildFile; fileRef = F9D86B281CB8A28100FBC9BF /* Post.swift */; };
		F9D86B2B1CB8A98400FBC9BF /* TimelineViewController.swift in Sources */ = {isa = PBXBuildFile; fileRef = F9D86B2A1CB8A98400FBC9BF /* TimelineViewController.swift */; };
		F9D86B2D1CB8AC3800FBC9BF /* ProfileViewController.swift in Sources */ = {isa = PBXBuildFile; fileRef = F9D86B2C1CB8AC3800FBC9BF /* ProfileViewController.swift */; };
		F9D86B311CBA36CA00FBC9BF /* TabBarViewController.swift in Sources */ = {isa = PBXBuildFile; fileRef = F9D86B301CBA36CA00FBC9BF /* TabBarViewController.swift */; };
		F9D86B331CBAA8E500FBC9BF /* LoginViewController.swift in Sources */ = {isa = PBXBuildFile; fileRef = F9D86B321CBAA8E500FBC9BF /* LoginViewController.swift */; };
		F9D86B351CBACBDB00FBC9BF /* Extension.swift in Sources */ = {isa = PBXBuildFile; fileRef = F9D86B341CBACBDB00FBC9BF /* Extension.swift */; };
		F9D86B371CBACE8000FBC9BF /* RegisterViewController.swift in Sources */ = {isa = PBXBuildFile; fileRef = F9D86B361CBACE8000FBC9BF /* RegisterViewController.swift */; };
		F9D86B3F1CBC52A800FBC9BF /* PostNaviViewController.swift in Sources */ = {isa = PBXBuildFile; fileRef = F9D86B3E1CBC52A800FBC9BF /* PostNaviViewController.swift */; };
/* End PBXBuildFile section */

/* Begin PBXContainerItemProxy section */
		F9D86B0B1CB8971E00FBC9BF /* PBXContainerItemProxy */ = {
			isa = PBXContainerItemProxy;
			containerPortal = F9D86AEE1CB8971D00FBC9BF /* Project object */;
			proxyType = 1;
			remoteGlobalIDString = F9D86AF51CB8971D00FBC9BF;
			remoteInfo = "Mini Moment";
		};
		F9D86B161CB8971E00FBC9BF /* PBXContainerItemProxy */ = {
			isa = PBXContainerItemProxy;
			containerPortal = F9D86AEE1CB8971D00FBC9BF /* Project object */;
			proxyType = 1;
			remoteGlobalIDString = F9D86AF51CB8971D00FBC9BF;
			remoteInfo = "Mini Moment";
		};
/* End PBXContainerItemProxy section */

/* Begin PBXFileReference section */
		8DF3CF21EFD9AB045B06141B /* Pods.debug.xcconfig */ = {isa = PBXFileReference; includeInIndex = 1; lastKnownFileType = text.xcconfig; name = Pods.debug.xcconfig; path = "Pods/Target Support Files/Pods/Pods.debug.xcconfig"; sourceTree = "<group>"; };
		97E11B5D783694DB7EA98825 /* Pods.release.xcconfig */ = {isa = PBXFileReference; includeInIndex = 1; lastKnownFileType = text.xcconfig; name = Pods.release.xcconfig; path = "Pods/Target Support Files/Pods/Pods.release.xcconfig"; sourceTree = "<group>"; };
		DE04A2D7F9F5C2B46EAE45F5 /* Pods.framework */ = {isa = PBXFileReference; explicitFileType = wrapper.framework; includeInIndex = 0; path = Pods.framework; sourceTree = BUILT_PRODUCTS_DIR; };
		F9D86AF61CB8971D00FBC9BF /* Mini Moment.app */ = {isa = PBXFileReference; explicitFileType = wrapper.application; includeInIndex = 0; path = "Mini Moment.app"; sourceTree = BUILT_PRODUCTS_DIR; };
		F9D86AF91CB8971E00FBC9BF /* AppDelegate.swift */ = {isa = PBXFileReference; lastKnownFileType = sourcecode.swift; path = AppDelegate.swift; sourceTree = "<group>"; };
		F9D86AFE1CB8971E00FBC9BF /* Base */ = {isa = PBXFileReference; lastKnownFileType = file.storyboard; name = Base; path = Base.lproj/Main.storyboard; sourceTree = "<group>"; };
		F9D86B001CB8971E00FBC9BF /* Assets.xcassets */ = {isa = PBXFileReference; lastKnownFileType = folder.assetcatalog; path = Assets.xcassets; sourceTree = "<group>"; };
		F9D86B031CB8971E00FBC9BF /* Base */ = {isa = PBXFileReference; lastKnownFileType = file.storyboard; name = Base; path = Base.lproj/LaunchScreen.storyboard; sourceTree = "<group>"; };
		F9D86B051CB8971E00FBC9BF /* Info.plist */ = {isa = PBXFileReference; lastKnownFileType = text.plist.xml; path = Info.plist; sourceTree = "<group>"; };
		F9D86B0A1CB8971E00FBC9BF /* Mini MomentTests.xctest */ = {isa = PBXFileReference; explicitFileType = wrapper.cfbundle; includeInIndex = 0; path = "Mini MomentTests.xctest"; sourceTree = BUILT_PRODUCTS_DIR; };
		F9D86B0E1CB8971E00FBC9BF /* Mini_MomentTests.swift */ = {isa = PBXFileReference; lastKnownFileType = sourcecode.swift; path = Mini_MomentTests.swift; sourceTree = "<group>"; };
		F9D86B101CB8971E00FBC9BF /* Info.plist */ = {isa = PBXFileReference; lastKnownFileType = text.plist.xml; path = Info.plist; sourceTree = "<group>"; };
		F9D86B151CB8971E00FBC9BF /* Mini MomentUITests.xctest */ = {isa = PBXFileReference; explicitFileType = wrapper.cfbundle; includeInIndex = 0; path = "Mini MomentUITests.xctest"; sourceTree = BUILT_PRODUCTS_DIR; };
		F9D86B191CB8971E00FBC9BF /* Mini_MomentUITests.swift */ = {isa = PBXFileReference; lastKnownFileType = sourcecode.swift; path = Mini_MomentUITests.swift; sourceTree = "<group>"; };
		F9D86B1B1CB8971E00FBC9BF /* Info.plist */ = {isa = PBXFileReference; lastKnownFileType = text.plist.xml; path = Info.plist; sourceTree = "<group>"; };
		F9D86B281CB8A28100FBC9BF /* Post.swift */ = {isa = PBXFileReference; fileEncoding = 4; lastKnownFileType = sourcecode.swift; path = Post.swift; sourceTree = "<group>"; };
		F9D86B2A1CB8A98400FBC9BF /* TimelineViewController.swift */ = {isa = PBXFileReference; fileEncoding = 4; lastKnownFileType = sourcecode.swift; path = TimelineViewController.swift; sourceTree = "<group>"; };
		F9D86B2C1CB8AC3800FBC9BF /* ProfileViewController.swift */ = {isa = PBXFileReference; fileEncoding = 4; lastKnownFileType = sourcecode.swift; path = ProfileViewController.swift; sourceTree = "<group>"; };
		F9D86B301CBA36CA00FBC9BF /* TabBarViewController.swift */ = {isa = PBXFileReference; fileEncoding = 4; lastKnownFileType = sourcecode.swift; path = TabBarViewController.swift; sourceTree = "<group>"; };
		F9D86B321CBAA8E500FBC9BF /* LoginViewController.swift */ = {isa = PBXFileReference; fileEncoding = 4; lastKnownFileType = sourcecode.swift; path = LoginViewController.swift; sourceTree = "<group>"; };
		F9D86B341CBACBDB00FBC9BF /* Extension.swift */ = {isa = PBXFileReference; fileEncoding = 4; lastKnownFileType = sourcecode.swift; path = Extension.swift; sourceTree = "<group>"; };
		F9D86B361CBACE8000FBC9BF /* RegisterViewController.swift */ = {isa = PBXFileReference; fileEncoding = 4; lastKnownFileType = sourcecode.swift; path = RegisterViewController.swift; sourceTree = "<group>"; };
		F9D86B3E1CBC52A800FBC9BF /* PostNaviViewController.swift */ = {isa = PBXFileReference; fileEncoding = 4; lastKnownFileType = sourcecode.swift; path = PostNaviViewController.swift; sourceTree = "<group>"; };
/* End PBXFileReference section */

/* Begin PBXFrameworksBuildPhase section */
		F9D86AF31CB8971D00FBC9BF /* Frameworks */ = {
			isa = PBXFrameworksBuildPhase;
			buildActionMask = 2147483647;
			files = (
				AEC3C55602D9457E993628CB /* Pods.framework in Frameworks */,
			);
			runOnlyForDeploymentPostprocessing = 0;
		};
		F9D86B071CB8971E00FBC9BF /* Frameworks */ = {
			isa = PBXFrameworksBuildPhase;
			buildActionMask = 2147483647;
			files = (
			);
			runOnlyForDeploymentPostprocessing = 0;
		};
		F9D86B121CB8971E00FBC9BF /* Frameworks */ = {
			isa = PBXFrameworksBuildPhase;
			buildActionMask = 2147483647;
			files = (
			);
			runOnlyForDeploymentPostprocessing = 0;
		};
/* End PBXFrameworksBuildPhase section */

/* Begin PBXGroup section */
		9A3B6CD6D785C7F1B5DB2152 /* Pods */ = {
			isa = PBXGroup;
			children = (
				8DF3CF21EFD9AB045B06141B /* Pods.debug.xcconfig */,
				97E11B5D783694DB7EA98825 /* Pods.release.xcconfig */,
			);
			name = Pods;
			sourceTree = "<group>";
		};
		D6A7C0CE43AE3ECD3A13DDC9 /* Frameworks */ = {
			isa = PBXGroup;
			children = (
				DE04A2D7F9F5C2B46EAE45F5 /* Pods.framework */,
			);
			name = Frameworks;
			sourceTree = "<group>";
		};
		F9D86AED1CB8971D00FBC9BF = {
			isa = PBXGroup;
			children = (
				F9D86AF81CB8971E00FBC9BF /* Mini Moment */,
				F9D86B0D1CB8971E00FBC9BF /* Mini MomentTests */,
				F9D86B181CB8971E00FBC9BF /* Mini MomentUITests */,
				F9D86AF71CB8971D00FBC9BF /* Products */,
				9A3B6CD6D785C7F1B5DB2152 /* Pods */,
				D6A7C0CE43AE3ECD3A13DDC9 /* Frameworks */,
			);
			sourceTree = "<group>";
		};
		F9D86AF71CB8971D00FBC9BF /* Products */ = {
			isa = PBXGroup;
			children = (
				F9D86AF61CB8971D00FBC9BF /* Mini Moment.app */,
				F9D86B0A1CB8971E00FBC9BF /* Mini MomentTests.xctest */,
				F9D86B151CB8971E00FBC9BF /* Mini MomentUITests.xctest */,
			);
			name = Products;
			sourceTree = "<group>";
		};
		F9D86AF81CB8971E00FBC9BF /* Mini Moment */ = {
			isa = PBXGroup;
			children = (
				F9D86AF91CB8971E00FBC9BF /* AppDelegate.swift */,
				F9D86AFD1CB8971E00FBC9BF /* Main.storyboard */,
				F9D86B3E1CBC52A800FBC9BF /* PostNaviViewController.swift */,
				F9D86B301CBA36CA00FBC9BF /* TabBarViewController.swift */,
				F9D86B321CBAA8E500FBC9BF /* LoginViewController.swift */,
				F9D86B361CBACE8000FBC9BF /* RegisterViewController.swift */,
				F9D86B2C1CB8AC3800FBC9BF /* ProfileViewController.swift */,
				F9D86B2A1CB8A98400FBC9BF /* TimelineViewController.swift */,
				F9D86B001CB8971E00FBC9BF /* Assets.xcassets */,
				F9D86B271CB8A26100FBC9BF /* Models */,
				F9D86B021CB8971E00FBC9BF /* LaunchScreen.storyboard */,
				F9D86B051CB8971E00FBC9BF /* Info.plist */,
			);
			path = "Mini Moment";
			sourceTree = "<group>";
		};
		F9D86B0D1CB8971E00FBC9BF /* Mini MomentTests */ = {
			isa = PBXGroup;
			children = (
				F9D86B0E1CB8971E00FBC9BF /* Mini_MomentTests.swift */,
				F9D86B101CB8971E00FBC9BF /* Info.plist */,
			);
			path = "Mini MomentTests";
			sourceTree = "<group>";
		};
		F9D86B181CB8971E00FBC9BF /* Mini MomentUITests */ = {
			isa = PBXGroup;
			children = (
				F9D86B191CB8971E00FBC9BF /* Mini_MomentUITests.swift */,
				F9D86B1B1CB8971E00FBC9BF /* Info.plist */,
			);
			path = "Mini MomentUITests";
			sourceTree = "<group>";
		};
		F9D86B271CB8A26100FBC9BF /* Models */ = {
			isa = PBXGroup;
			children = (
				F9D86B341CBACBDB00FBC9BF /* Extension.swift */,
				F9D86B281CB8A28100FBC9BF /* Post.swift */,
			);
			name = Models;
			sourceTree = "<group>";
		};
/* End PBXGroup section */

/* Begin PBXNativeTarget section */
		F9D86AF51CB8971D00FBC9BF /* Mini Moment */ = {
			isa = PBXNativeTarget;
			buildConfigurationList = F9D86B1E1CB8971E00FBC9BF /* Build configuration list for PBXNativeTarget "Mini Moment" */;
			buildPhases = (
				489E83D9162E37C2AFF72B79 /* Check Pods Manifest.lock */,
				F9D86AF21CB8971D00FBC9BF /* Sources */,
				F9D86AF31CB8971D00FBC9BF /* Frameworks */,
				F9D86AF41CB8971D00FBC9BF /* Resources */,
				D2AC7B9977F1BF7DA770CE80 /* Embed Pods Frameworks */,
				E7D87950B2AB6AEEC1EC51BA /* Copy Pods Resources */,
			);
			buildRules = (
			);
			dependencies = (
			);
			name = "Mini Moment";
			productName = "Mini Moment";
			productReference = F9D86AF61CB8971D00FBC9BF /* Mini Moment.app */;
			productType = "com.apple.product-type.application";
		};
		F9D86B091CB8971E00FBC9BF /* Mini MomentTests */ = {
			isa = PBXNativeTarget;
			buildConfigurationList = F9D86B211CB8971E00FBC9BF /* Build configuration list for PBXNativeTarget "Mini MomentTests" */;
			buildPhases = (
				F9D86B061CB8971E00FBC9BF /* Sources */,
				F9D86B071CB8971E00FBC9BF /* Frameworks */,
				F9D86B081CB8971E00FBC9BF /* Resources */,
			);
			buildRules = (
			);
			dependencies = (
				F9D86B0C1CB8971E00FBC9BF /* PBXTargetDependency */,
			);
			name = "Mini MomentTests";
			productName = "Mini MomentTests";
			productReference = F9D86B0A1CB8971E00FBC9BF /* Mini MomentTests.xctest */;
			productType = "com.apple.product-type.bundle.unit-test";
		};
		F9D86B141CB8971E00FBC9BF /* Mini MomentUITests */ = {
			isa = PBXNativeTarget;
			buildConfigurationList = F9D86B241CB8971E00FBC9BF /* Build configuration list for PBXNativeTarget "Mini MomentUITests" */;
			buildPhases = (
				F9D86B111CB8971E00FBC9BF /* Sources */,
				F9D86B121CB8971E00FBC9BF /* Frameworks */,
				F9D86B131CB8971E00FBC9BF /* Resources */,
			);
			buildRules = (
			);
			dependencies = (
				F9D86B171CB8971E00FBC9BF /* PBXTargetDependency */,
			);
			name = "Mini MomentUITests";
			productName = "Mini MomentUITests";
			productReference = F9D86B151CB8971E00FBC9BF /* Mini MomentUITests.xctest */;
			productType = "com.apple.product-type.bundle.ui-testing";
		};
/* End PBXNativeTarget section */

/* Begin PBXProject section */
		F9D86AEE1CB8971D00FBC9BF /* Project object */ = {
			isa = PBXProject;
			attributes = {
				LastSwiftUpdateCheck = 0730;
				LastUpgradeCheck = 0730;
				ORGANIZATIONNAME = xhan91;
				TargetAttributes = {
					F9D86AF51CB8971D00FBC9BF = {
						CreatedOnToolsVersion = 7.3;
						DevelopmentTeam = 985SCTYCG4;
					};
					F9D86B091CB8971E00FBC9BF = {
						CreatedOnToolsVersion = 7.3;
						DevelopmentTeam = 985SCTYCG4;
						TestTargetID = F9D86AF51CB8971D00FBC9BF;
					};
					F9D86B141CB8971E00FBC9BF = {
						CreatedOnToolsVersion = 7.3;
						DevelopmentTeam = 985SCTYCG4;
						TestTargetID = F9D86AF51CB8971D00FBC9BF;
					};
				};
			};
			buildConfigurationList = F9D86AF11CB8971D00FBC9BF /* Build configuration list for PBXProject "Mini Moment" */;
			compatibilityVersion = "Xcode 3.2";
			developmentRegion = English;
			hasScannedForEncodings = 0;
			knownRegions = (
				en,
				Base,
			);
			mainGroup = F9D86AED1CB8971D00FBC9BF;
			productRefGroup = F9D86AF71CB8971D00FBC9BF /* Products */;
			projectDirPath = "";
			projectRoot = "";
			targets = (
				F9D86AF51CB8971D00FBC9BF /* Mini Moment */,
				F9D86B091CB8971E00FBC9BF /* Mini MomentTests */,
				F9D86B141CB8971E00FBC9BF /* Mini MomentUITests */,
			);
		};
/* End PBXProject section */

/* Begin PBXResourcesBuildPhase section */
		F9D86AF41CB8971D00FBC9BF /* Resources */ = {
			isa = PBXResourcesBuildPhase;
			buildActionMask = 2147483647;
			files = (
				F9D86B041CB8971E00FBC9BF /* LaunchScreen.storyboard in Resources */,
				F9D86B011CB8971E00FBC9BF /* Assets.xcassets in Resources */,
				F9D86AFF1CB8971E00FBC9BF /* Main.storyboard in Resources */,
			);
			runOnlyForDeploymentPostprocessing = 0;
		};
		F9D86B081CB8971E00FBC9BF /* Resources */ = {
			isa = PBXResourcesBuildPhase;
			buildActionMask = 2147483647;
			files = (
			);
			runOnlyForDeploymentPostprocessing = 0;
		};
		F9D86B131CB8971E00FBC9BF /* Resources */ = {
			isa = PBXResourcesBuildPhase;
			buildActionMask = 2147483647;
			files = (
			);
			runOnlyForDeploymentPostprocessing = 0;
		};
/* End PBXResourcesBuildPhase section */

/* Begin PBXShellScriptBuildPhase section */
		489E83D9162E37C2AFF72B79 /* Check Pods Manifest.lock */ = {
			isa = PBXShellScriptBuildPhase;
			buildActionMask = 2147483647;
			files = (
			);
			inputPaths = (
			);
			name = "Check Pods Manifest.lock";
			outputPaths = (
			);
			runOnlyForDeploymentPostprocessing = 0;
			shellPath = /bin/sh;
			shellScript = "diff \"${PODS_ROOT}/../Podfile.lock\" \"${PODS_ROOT}/Manifest.lock\" > /dev/null\nif [[ $? != 0 ]] ; then\n    cat << EOM\nerror: The sandbox is not in sync with the Podfile.lock. Run 'pod install' or update your CocoaPods installation.\nEOM\n    exit 1\nfi\n";
			showEnvVarsInLog = 0;
		};
		D2AC7B9977F1BF7DA770CE80 /* Embed Pods Frameworks */ = {
			isa = PBXShellScriptBuildPhase;
			buildActionMask = 2147483647;
			files = (
			);
			inputPaths = (
			);
			name = "Embed Pods Frameworks";
			outputPaths = (
			);
			runOnlyForDeploymentPostprocessing = 0;
			shellPath = /bin/sh;
			shellScript = "\"${SRCROOT}/Pods/Target Support Files/Pods/Pods-frameworks.sh\"\n";
			showEnvVarsInLog = 0;
		};
		E7D87950B2AB6AEEC1EC51BA /* Copy Pods Resources */ = {
			isa = PBXShellScriptBuildPhase;
			buildActionMask = 2147483647;
			files = (
			);
			inputPaths = (
			);
			name = "Copy Pods Resources";
			outputPaths = (
			);
			runOnlyForDeploymentPostprocessing = 0;
			shellPath = /bin/sh;
			shellScript = "\"${SRCROOT}/Pods/Target Support Files/Pods/Pods-resources.sh\"\n";
			showEnvVarsInLog = 0;
		};
/* End PBXShellScriptBuildPhase section */

/* Begin PBXSourcesBuildPhase section */
		F9D86AF21CB8971D00FBC9BF /* Sources */ = {
			isa = PBXSourcesBuildPhase;
			buildActionMask = 2147483647;
			files = (
				F9D86AFA1CB8971E00FBC9BF /* AppDelegate.swift in Sources */,
				F9D86B291CB8A28100FBC9BF /* Post.swift in Sources */,
				F9D86B351CBACBDB00FBC9BF /* Extension.swift in Sources */,
				F9D86B371CBACE8000FBC9BF /* RegisterViewController.swift in Sources */,
				F9D86B331CBAA8E500FBC9BF /* LoginViewController.swift in Sources */,
				F9D86B2D1CB8AC3800FBC9BF /* ProfileViewController.swift in Sources */,
				F9D86B3F1CBC52A800FBC9BF /* PostNaviViewController.swift in Sources */,
				F9D86B311CBA36CA00FBC9BF /* TabBarViewController.swift in Sources */,
				F9D86B2B1CB8A98400FBC9BF /* TimelineViewController.swift in Sources */,
			);
			runOnlyForDeploymentPostprocessing = 0;
		};
		F9D86B061CB8971E00FBC9BF /* Sources */ = {
			isa = PBXSourcesBuildPhase;
			buildActionMask = 2147483647;
			files = (
				F9D86B0F1CB8971E00FBC9BF /* Mini_MomentTests.swift in Sources */,
			);
			runOnlyForDeploymentPostprocessing = 0;
		};
		F9D86B111CB8971E00FBC9BF /* Sources */ = {
			isa = PBXSourcesBuildPhase;
			buildActionMask = 2147483647;
			files = (
				F9D86B1A1CB8971E00FBC9BF /* Mini_MomentUITests.swift in Sources */,
			);
			runOnlyForDeploymentPostprocessing = 0;
		};
/* End PBXSourcesBuildPhase section */

/* Begin PBXTargetDependency section */
		F9D86B0C1CB8971E00FBC9BF /* PBXTargetDependency */ = {
			isa = PBXTargetDependency;
			target = F9D86AF51CB8971D00FBC9BF /* Mini Moment */;
			targetProxy = F9D86B0B1CB8971E00FBC9BF /* PBXContainerItemProxy */;
		};
		F9D86B171CB8971E00FBC9BF /* PBXTargetDependency */ = {
			isa = PBXTargetDependency;
			target = F9D86AF51CB8971D00FBC9BF /* Mini Moment */;
			targetProxy = F9D86B161CB8971E00FBC9BF /* PBXContainerItemProxy */;
		};
/* End PBXTargetDependency section */

/* Begin PBXVariantGroup section */
		F9D86AFD1CB8971E00FBC9BF /* Main.storyboard */ = {
			isa = PBXVariantGroup;
			children = (
				F9D86AFE1CB8971E00FBC9BF /* Base */,
			);
			name = Main.storyboard;
			sourceTree = "<group>";
		};
		F9D86B021CB8971E00FBC9BF /* LaunchScreen.storyboard */ = {
			isa = PBXVariantGroup;
			children = (
				F9D86B031CB8971E00FBC9BF /* Base */,
			);
			name = LaunchScreen.storyboard;
			sourceTree = "<group>";
		};
/* End PBXVariantGroup section */

/* Begin XCBuildConfiguration section */
		F9D86B1C1CB8971E00FBC9BF /* Debug */ = {
			isa = XCBuildConfiguration;
			buildSettings = {
				ALWAYS_SEARCH_USER_PATHS = NO;
				CLANG_ANALYZER_NONNULL = YES;
				CLANG_CXX_LANGUAGE_STANDARD = "gnu++0x";
				CLANG_CXX_LIBRARY = "libc++";
				CLANG_ENABLE_MODULES = YES;
				CLANG_ENABLE_OBJC_ARC = YES;
				CLANG_WARN_BOOL_CONVERSION = YES;
				CLANG_WARN_CONSTANT_CONVERSION = YES;
				CLANG_WARN_DIRECT_OBJC_ISA_USAGE = YES_ERROR;
				CLANG_WARN_EMPTY_BODY = YES;
				CLANG_WARN_ENUM_CONVERSION = YES;
				CLANG_WARN_INT_CONVERSION = YES;
				CLANG_WARN_OBJC_ROOT_CLASS = YES_ERROR;
				CLANG_WARN_UNREACHABLE_CODE = YES;
				CLANG_WARN__DUPLICATE_METHOD_MATCH = YES;
				"CODE_SIGN_IDENTITY[sdk=iphoneos*]" = "iPhone Developer";
				COPY_PHASE_STRIP = NO;
				DEBUG_INFORMATION_FORMAT = dwarf;
				ENABLE_STRICT_OBJC_MSGSEND = YES;
				ENABLE_TESTABILITY = YES;
				GCC_C_LANGUAGE_STANDARD = gnu99;
				GCC_DYNAMIC_NO_PIC = NO;
				GCC_NO_COMMON_BLOCKS = YES;
				GCC_OPTIMIZATION_LEVEL = 0;
				GCC_PREPROCESSOR_DEFINITIONS = (
					"DEBUG=1",
					"$(inherited)",
				);
				GCC_WARN_64_TO_32_BIT_CONVERSION = YES;
				GCC_WARN_ABOUT_RETURN_TYPE = YES_ERROR;
				GCC_WARN_UNDECLARED_SELECTOR = YES;
				GCC_WARN_UNINITIALIZED_AUTOS = YES_AGGRESSIVE;
				GCC_WARN_UNUSED_FUNCTION = YES;
				GCC_WARN_UNUSED_VARIABLE = YES;
				IPHONEOS_DEPLOYMENT_TARGET = 9.3;
				MTL_ENABLE_DEBUG_INFO = YES;
				ONLY_ACTIVE_ARCH = YES;
				SDKROOT = iphoneos;
				SWIFT_OPTIMIZATION_LEVEL = "-Onone";
				TARGETED_DEVICE_FAMILY = "1,2";
			};
			name = Debug;
		};
		F9D86B1D1CB8971E00FBC9BF /* Release */ = {
			isa = XCBuildConfiguration;
			buildSettings = {
				ALWAYS_SEARCH_USER_PATHS = NO;
				CLANG_ANALYZER_NONNULL = YES;
				CLANG_CXX_LANGUAGE_STANDARD = "gnu++0x";
				CLANG_CXX_LIBRARY = "libc++";
				CLANG_ENABLE_MODULES = YES;
				CLANG_ENABLE_OBJC_ARC = YES;
				CLANG_WARN_BOOL_CONVERSION = YES;
				CLANG_WARN_CONSTANT_CONVERSION = YES;
				CLANG_WARN_DIRECT_OBJC_ISA_USAGE = YES_ERROR;
				CLANG_WARN_EMPTY_BODY = YES;
				CLANG_WARN_ENUM_CONVERSION = YES;
				CLANG_WARN_INT_CONVERSION = YES;
				CLANG_WARN_OBJC_ROOT_CLASS = YES_ERROR;
				CLANG_WARN_UNREACHABLE_CODE = YES;
				CLANG_WARN__DUPLICATE_METHOD_MATCH = YES;
				"CODE_SIGN_IDENTITY[sdk=iphoneos*]" = "iPhone Developer";
				COPY_PHASE_STRIP = NO;
				DEBUG_INFORMATION_FORMAT = "dwarf-with-dsym";
				ENABLE_NS_ASSERTIONS = NO;
				ENABLE_STRICT_OBJC_MSGSEND = YES;
				GCC_C_LANGUAGE_STANDARD = gnu99;
				GCC_NO_COMMON_BLOCKS = YES;
				GCC_WARN_64_TO_32_BIT_CONVERSION = YES;
				GCC_WARN_ABOUT_RETURN_TYPE = YES_ERROR;
				GCC_WARN_UNDECLARED_SELECTOR = YES;
				GCC_WARN_UNINITIALIZED_AUTOS = YES_AGGRESSIVE;
				GCC_WARN_UNUSED_FUNCTION = YES;
				GCC_WARN_UNUSED_VARIABLE = YES;
				IPHONEOS_DEPLOYMENT_TARGET = 9.3;
				MTL_ENABLE_DEBUG_INFO = NO;
				SDKROOT = iphoneos;
				TARGETED_DEVICE_FAMILY = "1,2";
				VALIDATE_PRODUCT = YES;
			};
			name = Release;
		};
		F9D86B1F1CB8971E00FBC9BF /* Debug */ = {
			isa = XCBuildConfiguration;
			baseConfigurationReference = 8DF3CF21EFD9AB045B06141B /* Pods.debug.xcconfig */;
			buildSettings = {
				ASSETCATALOG_COMPILER_APPICON_NAME = AppIcon;
				INFOPLIST_FILE = "Mini Moment/Info.plist";
				LD_RUNPATH_SEARCH_PATHS = "$(inherited) @executable_path/Frameworks";
				PRODUCT_BUNDLE_IDENTIFIER = "com.xhan91.Mini-Moment";
				PRODUCT_NAME = "$(TARGET_NAME)";
			};
			name = Debug;
		};
		F9D86B201CB8971E00FBC9BF /* Release */ = {
			isa = XCBuildConfiguration;
			baseConfigurationReference = 97E11B5D783694DB7EA98825 /* Pods.release.xcconfig */;
			buildSettings = {
				ASSETCATALOG_COMPILER_APPICON_NAME = AppIcon;
				INFOPLIST_FILE = "Mini Moment/Info.plist";
				LD_RUNPATH_SEARCH_PATHS = "$(inherited) @executable_path/Frameworks";
				PRODUCT_BUNDLE_IDENTIFIER = "com.xhan91.Mini-Moment";
				PRODUCT_NAME = "$(TARGET_NAME)";
			};
			name = Release;
		};
		F9D86B221CB8971E00FBC9BF /* Debug */ = {
			isa = XCBuildConfiguration;
			buildSettings = {
				BUNDLE_LOADER = "$(TEST_HOST)";
				INFOPLIST_FILE = "Mini MomentTests/Info.plist";
				LD_RUNPATH_SEARCH_PATHS = "$(inherited) @executable_path/Frameworks @loader_path/Frameworks";
				PRODUCT_BUNDLE_IDENTIFIER = "com.xhan91.Mini-MomentTests";
				PRODUCT_NAME = "$(TARGET_NAME)";
				TEST_HOST = "$(BUILT_PRODUCTS_DIR)/Mini Moment.app/Mini Moment";
			};
			name = Debug;
		};
		F9D86B231CB8971E00FBC9BF /* Release */ = {
			isa = XCBuildConfiguration;
			buildSettings = {
				BUNDLE_LOADER = "$(TEST_HOST)";
				INFOPLIST_FILE = "Mini MomentTests/Info.plist";
				LD_RUNPATH_SEARCH_PATHS = "$(inherited) @executable_path/Frameworks @loader_path/Frameworks";
				PRODUCT_BUNDLE_IDENTIFIER = "com.xhan91.Mini-MomentTests";
				PRODUCT_NAME = "$(TARGET_NAME)";
				TEST_HOST = "$(BUILT_PRODUCTS_DIR)/Mini Moment.app/Mini Moment";
			};
			name = Release;
		};
		F9D86B251CB8971E00FBC9BF /* Debug */ = {
			isa = XCBuildConfiguration;
			buildSettings = {
				INFOPLIST_FILE = "Mini MomentUITests/Info.plist";
				LD_RUNPATH_SEARCH_PATHS = "$(inherited) @executable_path/Frameworks @loader_path/Frameworks";
				PRODUCT_BUNDLE_IDENTIFIER = "com.xhan91.Mini-MomentUITests";
				PRODUCT_NAME = "$(TARGET_NAME)";
				TEST_TARGET_NAME = "Mini Moment";
			};
			name = Debug;
		};
		F9D86B261CB8971E00FBC9BF /* Release */ = {
			isa = XCBuildConfiguration;
			buildSettings = {
				INFOPLIST_FILE = "Mini MomentUITests/Info.plist";
				LD_RUNPATH_SEARCH_PATHS = "$(inherited) @executable_path/Frameworks @loader_path/Frameworks";
				PRODUCT_BUNDLE_IDENTIFIER = "com.xhan91.Mini-MomentUITests";
				PRODUCT_NAME = "$(TARGET_NAME)";
				TEST_TARGET_NAME = "Mini Moment";
			};
			name = Release;
		};
/* End XCBuildConfiguration section */

/* Begin XCConfigurationList section */
		F9D86AF11CB8971D00FBC9BF /* Build configuration list for PBXProject "Mini Moment" */ = {
			isa = XCConfigurationList;
			buildConfigurations = (
				F9D86B1C1CB8971E00FBC9BF /* Debug */,
				F9D86B1D1CB8971E00FBC9BF /* Release */,
			);
			defaultConfigurationIsVisible = 0;
			defaultConfigurationName = Release;
		};
		F9D86B1E1CB8971E00FBC9BF /* Build configuration list for PBXNativeTarget "Mini Moment" */ = {
			isa = XCConfigurationList;
			buildConfigurations = (
				F9D86B1F1CB8971E00FBC9BF /* Debug */,
				F9D86B201CB8971E00FBC9BF /* Release */,
			);
			defaultConfigurationIsVisible = 0;
			defaultConfigurationName = Release;
		};
		F9D86B211CB8971E00FBC9BF /* Build configuration list for PBXNativeTarget "Mini MomentTests" */ = {
			isa = XCConfigurationList;
			buildConfigurations = (
				F9D86B221CB8971E00FBC9BF /* Debug */,
				F9D86B231CB8971E00FBC9BF /* Release */,
			);
			defaultConfigurationIsVisible = 0;
			defaultConfigurationName = Release;
		};
		F9D86B241CB8971E00FBC9BF /* Build configuration list for PBXNativeTarget "Mini MomentUITests" */ = {
			isa = XCConfigurationList;
			buildConfigurations = (
				F9D86B251CB8971E00FBC9BF /* Debug */,
				F9D86B261CB8971E00FBC9BF /* Release */,
			);
			defaultConfigurationIsVisible = 0;
			defaultConfigurationName = Release;
		};
/* End XCConfigurationList section */
	};
	rootObject = F9D86AEE1CB8971D00FBC9BF /* Project object */;
}
